dependencies:
- name: common
  repository: oci://ghcr.io/community-helm-charts
  version: 0.0.1
- name: mysql
  repository: oci://ghcr.io/community-helm-charts
  version: 1.2.0
digest: sha256:1e29fd6d6833c6135a5ea71b53f751d3774d7329789f6d1c6f8e2212875966cf
generated: "2026-05-18T18:12:38.989909+08:00"
