dependencies:
- name: common
  repository: oci://ghcr.io/community-helm-charts
  version: 0.1.0
- name: mysql
  repository: oci://ghcr.io/community-helm-charts
  version: 1.3.0
digest: sha256:c381356f16eb4b494a476c11a67ecfab52472386bc73e8b30fd276c783f6a225
generated: "2026-05-20T17:44:15.882077+08:00"
